
Microsoft Visual Studio Solution File, Format Version 12.00
# Visual Studio 14
VisualStudioVersion = 14.0.25420.1
MinimumVisualStudioVersion = 10.0.40219.1
Project("{8BC9CEB8-8B4A-11D0-8D11-00A0C91BC942}") = "3_3", "ConsoleApplication3\ConsoleApplication3.vcxproj", "{8A7056AA-71A3-4EBE-8FC5-D89081681275}"
EndProject
Project("{8BC9CEB8-8B4A-11D0-8D11-00A0C91BC942}") = "3_4", "ConsoleApplication4\ConsoleApplication4.vcxproj", "{2A668C87-659E-45D1-BF1D-F5736B1B78F9}"
EndProject
Project("{8BC9CEB8-8B4A-11D0-8D11-00A0C91BC942}") = "3_5", "3_5\3_5.vcxproj", "{FA1AC49E-BD4A-4759-9B82-BE6CB9CF86B0}"
EndProject
Project("{8BC9CEB8-8B4A-11D0-8D11-00A0C91BC942}") = "5_1", "5_1\5_1.vcxproj", "{CCBF07FB-C197-4054-B470-BE795017BAA8}"
EndProject
Project("{8BC9CEB8-8B4A-11D0-8D11-00A0C91BC942}") = "5_2", "5_2\5_2.vcxproj", "{65B1EEBE-9955-4860-B668-1C9286968FD3}"
EndProject
Project("{8BC9CEB8-8B4A-11D0-8D11-00A0C91BC942}") = "5_4", "5_3\5_3.vcxproj", "{C95536F3-349F-47A7-8A7D-D04EA1B7A0DB}"
EndProject
Project("{8BC9CEB8-8B4A-11D0-8D11-00A0C91BC942}") = "5_5", "5_5\5_5.vcxproj", "{3A356BE2-F51A-40D5-801A-F3076AC0725D}"
EndProject
Project("{8BC9CEB8-8B4A-11D0-8D11-00A0C91BC942}") = "3_1", "3_1\3_1.vcxproj", "{8C38D988-BA96-44A3-88B7-72B858E38E67}"
EndProject
Project("{8BC9CEB8-8B4A-11D0-8D11-00A0C91BC942}") = "3_2", "3_2\3_2.vcxproj", "{BBBF11F9-CB78-472B-9205-E7A35AE91E64}"
EndProject
Global
	GlobalSection(SolutionConfigurationPlatforms) = preSolution
		Debug|x64 = Debug|x64
		Debug|x86 = Debug|x86
		Release|x64 = Release|x64
		Release|x86 = Release|x86
	EndGlobalSection
	GlobalSection(ProjectConfigurationPlatforms) = postSolution
		{8A7056AA-71A3-4EBE-8FC5-D89081681275}.Debug|x64.ActiveCfg = Debug|x64
		{8A7056AA-71A3-4EBE-8FC5-D89081681275}.Debug|x64.Build.0 = Debug|x64
		{8A7056AA-71A3-4EBE-8FC5-D89081681275}.Debug|x86.ActiveCfg = Debug|Win32
		{8A7056AA-71A3-4EBE-8FC5-D89081681275}.Debug|x86.Build.0 = Debug|Win32
		{8A7056AA-71A3-4EBE-8FC5-D89081681275}.Release|x64.ActiveCfg = Release|x64
		{8A7056AA-71A3-4EBE-8FC5-D89081681275}.Release|x64.Build.0 = Release|x64
		{8A7056AA-71A3-4EBE-8FC5-D89081681275}.Release|x86.ActiveCfg = Release|Win32
		{8A7056AA-71A3-4EBE-8FC5-D89081681275}.Release|x86.Build.0 = Release|Win32
		{2A668C87-659E-45D1-BF1D-F5736B1B78F9}.Debug|x64.ActiveCfg = Debug|x64
		{2A668C87-659E-45D1-BF1D-F5736B1B78F9}.Debug|x64.Build.0 = Debug|x64
		{2A668C87-659E-45D1-BF1D-F5736B1B78F9}.Debug|x86.ActiveCfg = Debug|Win32
		{2A668C87-659E-45D1-BF1D-F5736B1B78F9}.Debug|x86.Build.0 = Debug|Win32
		{2A668C87-659E-45D1-BF1D-F5736B1B78F9}.Release|x64.ActiveCfg = Release|x64
		{2A668C87-659E-45D1-BF1D-F5736B1B78F9}.Release|x64.Build.0 = Release|x64
		{2A668C87-659E-45D1-BF1D-F5736B1B78F9}.Release|x86.ActiveCfg = Release|Win32
		{2A668C87-659E-45D1-BF1D-F5736B1B78F9}.Release|x86.Build.0 = Release|Win32
		{FA1AC49E-BD4A-4759-9B82-BE6CB9CF86B0}.Debug|x64.ActiveCfg = Debug|x64
		{FA1AC49E-BD4A-4759-9B82-BE6CB9CF86B0}.Debug|x64.Build.0 = Debug|x64
		{FA1AC49E-BD4A-4759-9B82-BE6CB9CF86B0}.Debug|x86.ActiveCfg = Debug|Win32
		{FA1AC49E-BD4A-4759-9B82-BE6CB9CF86B0}.Debug|x86.Build.0 = Debug|Win32
		{FA1AC49E-BD4A-4759-9B82-BE6CB9CF86B0}.Release|x64.ActiveCfg = Release|x64
		{FA1AC49E-BD4A-4759-9B82-BE6CB9CF86B0}.Release|x64.Build.0 = Release|x64
		{FA1AC49E-BD4A-4759-9B82-BE6CB9CF86B0}.Release|x86.ActiveCfg = Release|Win32
		{FA1AC49E-BD4A-4759-9B82-BE6CB9CF86B0}.Release|x86.Build.0 = Release|Win32
		{CCBF07FB-C197-4054-B470-BE795017BAA8}.Debug|x64.ActiveCfg = Debug|x64
		{CCBF07FB-C197-4054-B470-BE795017BAA8}.Debug|x64.Build.0 = Debug|x64
		{CCBF07FB-C197-4054-B470-BE795017BAA8}.Debug|x86.ActiveCfg = Debug|Win32
		{CCBF07FB-C197-4054-B470-BE795017BAA8}.Debug|x86.Build.0 = Debug|Win32
		{CCBF07FB-C197-4054-B470-BE795017BAA8}.Release|x64.ActiveCfg = Release|x64
		{CCBF07FB-C197-4054-B470-BE795017BAA8}.Release|x64.Build.0 = Release|x64
		{CCBF07FB-C197-4054-B470-BE795017BAA8}.Release|x86.ActiveCfg = Release|Win32
		{CCBF07FB-C197-4054-B470-BE795017BAA8}.Release|x86.Build.0 = Release|Win32
		{65B1EEBE-9955-4860-B668-1C9286968FD3}.Debug|x64.ActiveCfg = Debug|x64
		{65B1EEBE-9955-4860-B668-1C9286968FD3}.Debug|x64.Build.0 = Debug|x64
		{65B1EEBE-9955-4860-B668-1C9286968FD3}.Debug|x86.ActiveCfg = Debug|Win32
		{65B1EEBE-9955-4860-B668-1C9286968FD3}.Debug|x86.Build.0 = Debug|Win32
		{65B1EEBE-9955-4860-B668-1C9286968FD3}.Release|x64.ActiveCfg = Release|x64
		{65B1EEBE-9955-4860-B668-1C9286968FD3}.Release|x64.Build.0 = Release|x64
		{65B1EEBE-9955-4860-B668-1C9286968FD3}.Release|x86.ActiveCfg = Release|Win32
		{65B1EEBE-9955-4860-B668-1C9286968FD3}.Release|x86.Build.0 = Release|Win32
		{C95536F3-349F-47A7-8A7D-D04EA1B7A0DB}.Debug|x64.ActiveCfg = Debug|x64
		{C95536F3-349F-47A7-8A7D-D04EA1B7A0DB}.Debug|x64.Build.0 = Debug|x64
		{C95536F3-349F-47A7-8A7D-D04EA1B7A0DB}.Debug|x86.ActiveCfg = Debug|Win32
		{C95536F3-349F-47A7-8A7D-D04EA1B7A0DB}.Debug|x86.Build.0 = Debug|Win32
		{C95536F3-349F-47A7-8A7D-D04EA1B7A0DB}.Release|x64.ActiveCfg = Release|x64
		{C95536F3-349F-47A7-8A7D-D04EA1B7A0DB}.Release|x64.Build.0 = Release|x64
		{C95536F3-349F-47A7-8A7D-D04EA1B7A0DB}.Release|x86.ActiveCfg = Release|Win32
		{C95536F3-349F-47A7-8A7D-D04EA1B7A0DB}.Release|x86.Build.0 = Release|Win32
		{3A356BE2-F51A-40D5-801A-F3076AC0725D}.Debug|x64.ActiveCfg = Debug|x64
		{3A356BE2-F51A-40D5-801A-F3076AC0725D}.Debug|x64.Build.0 = Debug|x64
		{3A356BE2-F51A-40D5-801A-F3076AC0725D}.Debug|x86.ActiveCfg = Debug|Win32
		{3A356BE2-F51A-40D5-801A-F3076AC0725D}.Debug|x86.Build.0 = Debug|Win32
		{3A356BE2-F51A-40D5-801A-F3076AC0725D}.Release|x64.ActiveCfg = Release|x64
		{3A356BE2-F51A-40D5-801A-F3076AC0725D}.Release|x64.Build.0 = Release|x64
		{3A356BE2-F51A-40D5-801A-F3076AC0725D}.Release|x86.ActiveCfg = Release|Win32
		{3A356BE2-F51A-40D5-801A-F3076AC0725D}.Release|x86.Build.0 = Release|Win32
		{8C38D988-BA96-44A3-88B7-72B858E38E67}.Debug|x64.ActiveCfg = Debug|x64
		{8C38D988-BA96-44A3-88B7-72B858E38E67}.Debug|x64.Build.0 = Debug|x64
		{8C38D988-BA96-44A3-88B7-72B858E38E67}.Debug|x86.ActiveCfg = Debug|Win32
		{8C38D988-BA96-44A3-88B7-72B858E38E67}.Debug|x86.Build.0 = Debug|Win32
		{8C38D988-BA96-44A3-88B7-72B858E38E67}.Release|x64.ActiveCfg = Release|x64
		{8C38D988-BA96-44A3-88B7-72B858E38E67}.Release|x64.Build.0 = Release|x64
		{8C38D988-BA96-44A3-88B7-72B858E38E67}.Release|x86.ActiveCfg = Release|Win32
		{8C38D988-BA96-44A3-88B7-72B858E38E67}.Release|x86.Build.0 = Release|Win32
		{BBBF11F9-CB78-472B-9205-E7A35AE91E64}.Debug|x64.ActiveCfg = Debug|x64
		{BBBF11F9-CB78-472B-9205-E7A35AE91E64}.Debug|x64.Build.0 = Debug|x64
		{BBBF11F9-CB78-472B-9205-E7A35AE91E64}.Debug|x86.ActiveCfg = Debug|Win32
		{BBBF11F9-CB78-472B-9205-E7A35AE91E64}.Debug|x86.Build.0 = Debug|Win32
		{BBBF11F9-CB78-472B-9205-E7A35AE91E64}.Release|x64.ActiveCfg = Release|x64
		{BBBF11F9-CB78-472B-9205-E7A35AE91E64}.Release|x64.Build.0 = Release|x64
		{BBBF11F9-CB78-472B-9205-E7A35AE91E64}.Release|x86.ActiveCfg = Release|Win32
		{BBBF11F9-CB78-472B-9205-E7A35AE91E64}.Release|x86.Build.0 = Release|Win32
	EndGlobalSection
	GlobalSection(SolutionProperties) = preSolution
		HideSolutionNode = FALSE
	EndGlobalSection
EndGlobal
