
Microsoft Visual Studio Solution File, Format Version 12.00
# Visual Studio 14
VisualStudioVersion = 14.0.25420.1
MinimumVisualStudioVersion = 10.0.40219.1
Project("{8BC9CEB8-8B4A-11D0-8D11-00A0C91BC942}") = "3-1", "3-1\3-1.vcxproj", "{7D032FA1-EC8B-4371-BCAA-2261C43F98DE}"
EndProject
Project("{8BC9CEB8-8B4A-11D0-8D11-00A0C91BC942}") = "3-2", "3-2\3-2.vcxproj", "{876DC239-3865-4ED3-8A72-562B1C88D6A1}"
EndProject
Project("{8BC9CEB8-8B4A-11D0-8D11-00A0C91BC942}") = "3_3", "3_3\3_3.vcxproj", "{765BE649-DDB0-45F1-8C61-3DC972EC7424}"
EndProject
Project("{8BC9CEB8-8B4A-11D0-8D11-00A0C91BC942}") = "3-4", "3-4\3-4.vcxproj", "{55129C03-4128-46E4-BEDC-EBED7C028875}"
EndProject
Project("{8BC9CEB8-8B4A-11D0-8D11-00A0C91BC942}") = "3-5", "3-5\3-5.vcxproj", "{B63BBBD1-4B38-49C9-87DD-7DE2F43316C4}"
EndProject
Project("{8BC9CEB8-8B4A-11D0-8D11-00A0C91BC942}") = "5-1", "5-1\5-1.vcxproj", "{B1FAD9FE-52E5-43EB-8E24-8A519CCAD017}"
EndProject
Project("{8BC9CEB8-8B4A-11D0-8D11-00A0C91BC942}") = "5-2", "5-2\5-2.vcxproj", "{04AECC21-75DE-436A-A62E-EAEF3CD0B3C6}"
EndProject
Project("{8BC9CEB8-8B4A-11D0-8D11-00A0C91BC942}") = "5-4", "5-4\5-4.vcxproj", "{93813495-5EB7-4339-A276-B056AF13CEBE}"
EndProject
Project("{8BC9CEB8-8B4A-11D0-8D11-00A0C91BC942}") = "5-5", "5-5\5-5.vcxproj", "{3DB82FE3-382F-4776-BD48-B29D991AD96B}"
EndProject
Global
	GlobalSection(SolutionConfigurationPlatforms) = preSolution
		Debug|x64 = Debug|x64
		Debug|x86 = Debug|x86
		Release|x64 = Release|x64
		Release|x86 = Release|x86
	EndGlobalSection
	GlobalSection(ProjectConfigurationPlatforms) = postSolution
		{7D032FA1-EC8B-4371-BCAA-2261C43F98DE}.Debug|x64.ActiveCfg = Debug|x64
		{7D032FA1-EC8B-4371-BCAA-2261C43F98DE}.Debug|x64.Build.0 = Debug|x64
		{7D032FA1-EC8B-4371-BCAA-2261C43F98DE}.Debug|x86.ActiveCfg = Debug|Win32
		{7D032FA1-EC8B-4371-BCAA-2261C43F98DE}.Debug|x86.Build.0 = Debug|Win32
		{7D032FA1-EC8B-4371-BCAA-2261C43F98DE}.Release|x64.ActiveCfg = Release|x64
		{7D032FA1-EC8B-4371-BCAA-2261C43F98DE}.Release|x64.Build.0 = Release|x64
		{7D032FA1-EC8B-4371-BCAA-2261C43F98DE}.Release|x86.ActiveCfg = Release|Win32
		{7D032FA1-EC8B-4371-BCAA-2261C43F98DE}.Release|x86.Build.0 = Release|Win32
		{876DC239-3865-4ED3-8A72-562B1C88D6A1}.Debug|x64.ActiveCfg = Debug|x64
		{876DC239-3865-4ED3-8A72-562B1C88D6A1}.Debug|x64.Build.0 = Debug|x64
		{876DC239-3865-4ED3-8A72-562B1C88D6A1}.Debug|x86.ActiveCfg = Debug|Win32
		{876DC239-3865-4ED3-8A72-562B1C88D6A1}.Debug|x86.Build.0 = Debug|Win32
		{876DC239-3865-4ED3-8A72-562B1C88D6A1}.Release|x64.ActiveCfg = Release|x64
		{876DC239-3865-4ED3-8A72-562B1C88D6A1}.Release|x64.Build.0 = Release|x64
		{876DC239-3865-4ED3-8A72-562B1C88D6A1}.Release|x86.ActiveCfg = Release|Win32
		{876DC239-3865-4ED3-8A72-562B1C88D6A1}.Release|x86.Build.0 = Release|Win32
		{765BE649-DDB0-45F1-8C61-3DC972EC7424}.Debug|x64.ActiveCfg = Debug|x64
		{765BE649-DDB0-45F1-8C61-3DC972EC7424}.Debug|x64.Build.0 = Debug|x64
		{765BE649-DDB0-45F1-8C61-3DC972EC7424}.Debug|x86.ActiveCfg = Debug|Win32
		{765BE649-DDB0-45F1-8C61-3DC972EC7424}.Debug|x86.Build.0 = Debug|Win32
		{765BE649-DDB0-45F1-8C61-3DC972EC7424}.Release|x64.ActiveCfg = Release|x64
		{765BE649-DDB0-45F1-8C61-3DC972EC7424}.Release|x64.Build.0 = Release|x64
		{765BE649-DDB0-45F1-8C61-3DC972EC7424}.Release|x86.ActiveCfg = Release|Win32
		{765BE649-DDB0-45F1-8C61-3DC972EC7424}.Release|x86.Build.0 = Release|Win32
		{55129C03-4128-46E4-BEDC-EBED7C028875}.Debug|x64.ActiveCfg = Debug|x64
		{55129C03-4128-46E4-BEDC-EBED7C028875}.Debug|x64.Build.0 = Debug|x64
		{55129C03-4128-46E4-BEDC-EBED7C028875}.Debug|x86.ActiveCfg = Debug|Win32
		{55129C03-4128-46E4-BEDC-EBED7C028875}.Debug|x86.Build.0 = Debug|Win32
		{55129C03-4128-46E4-BEDC-EBED7C028875}.Release|x64.ActiveCfg = Release|x64
		{55129C03-4128-46E4-BEDC-EBED7C028875}.Release|x64.Build.0 = Release|x64
		{55129C03-4128-46E4-BEDC-EBED7C028875}.Release|x86.ActiveCfg = Release|Win32
		{55129C03-4128-46E4-BEDC-EBED7C028875}.Release|x86.Build.0 = Release|Win32
		{B63BBBD1-4B38-49C9-87DD-7DE2F43316C4}.Debug|x64.ActiveCfg = Debug|x64
		{B63BBBD1-4B38-49C9-87DD-7DE2F43316C4}.Debug|x64.Build.0 = Debug|x64
		{B63BBBD1-4B38-49C9-87DD-7DE2F43316C4}.Debug|x86.ActiveCfg = Debug|Win32
		{B63BBBD1-4B38-49C9-87DD-7DE2F43316C4}.Debug|x86.Build.0 = Debug|Win32
		{B63BBBD1-4B38-49C9-87DD-7DE2F43316C4}.Release|x64.ActiveCfg = Release|x64
		{B63BBBD1-4B38-49C9-87DD-7DE2F43316C4}.Release|x64.Build.0 = Release|x64
		{B63BBBD1-4B38-49C9-87DD-7DE2F43316C4}.Release|x86.ActiveCfg = Release|Win32
		{B63BBBD1-4B38-49C9-87DD-7DE2F43316C4}.Release|x86.Build.0 = Release|Win32
		{B1FAD9FE-52E5-43EB-8E24-8A519CCAD017}.Debug|x64.ActiveCfg = Debug|x64
		{B1FAD9FE-52E5-43EB-8E24-8A519CCAD017}.Debug|x64.Build.0 = Debug|x64
		{B1FAD9FE-52E5-43EB-8E24-8A519CCAD017}.Debug|x86.ActiveCfg = Debug|Win32
		{B1FAD9FE-52E5-43EB-8E24-8A519CCAD017}.Debug|x86.Build.0 = Debug|Win32
		{B1FAD9FE-52E5-43EB-8E24-8A519CCAD017}.Release|x64.ActiveCfg = Release|x64
		{B1FAD9FE-52E5-43EB-8E24-8A519CCAD017}.Release|x64.Build.0 = Release|x64
		{B1FAD9FE-52E5-43EB-8E24-8A519CCAD017}.Release|x86.ActiveCfg = Release|Win32
		{B1FAD9FE-52E5-43EB-8E24-8A519CCAD017}.Release|x86.Build.0 = Release|Win32
		{04AECC21-75DE-436A-A62E-EAEF3CD0B3C6}.Debug|x64.ActiveCfg = Debug|x64
		{04AECC21-75DE-436A-A62E-EAEF3CD0B3C6}.Debug|x64.Build.0 = Debug|x64
		{04AECC21-75DE-436A-A62E-EAEF3CD0B3C6}.Debug|x86.ActiveCfg = Debug|Win32
		{04AECC21-75DE-436A-A62E-EAEF3CD0B3C6}.Debug|x86.Build.0 = Debug|Win32
		{04AECC21-75DE-436A-A62E-EAEF3CD0B3C6}.Release|x64.ActiveCfg = Release|x64
		{04AECC21-75DE-436A-A62E-EAEF3CD0B3C6}.Release|x64.Build.0 = Release|x64
		{04AECC21-75DE-436A-A62E-EAEF3CD0B3C6}.Release|x86.ActiveCfg = Release|Win32
		{04AECC21-75DE-436A-A62E-EAEF3CD0B3C6}.Release|x86.Build.0 = Release|Win32
		{93813495-5EB7-4339-A276-B056AF13CEBE}.Debug|x64.ActiveCfg = Debug|x64
		{93813495-5EB7-4339-A276-B056AF13CEBE}.Debug|x64.Build.0 = Debug|x64
		{93813495-5EB7-4339-A276-B056AF13CEBE}.Debug|x86.ActiveCfg = Debug|Win32
		{93813495-5EB7-4339-A276-B056AF13CEBE}.Debug|x86.Build.0 = Debug|Win32
		{93813495-5EB7-4339-A276-B056AF13CEBE}.Release|x64.ActiveCfg = Release|x64
		{93813495-5EB7-4339-A276-B056AF13CEBE}.Release|x64.Build.0 = Release|x64
		{93813495-5EB7-4339-A276-B056AF13CEBE}.Release|x86.ActiveCfg = Release|Win32
		{93813495-5EB7-4339-A276-B056AF13CEBE}.Release|x86.Build.0 = Release|Win32
		{3DB82FE3-382F-4776-BD48-B29D991AD96B}.Debug|x64.ActiveCfg = Debug|x64
		{3DB82FE3-382F-4776-BD48-B29D991AD96B}.Debug|x64.Build.0 = Debug|x64
		{3DB82FE3-382F-4776-BD48-B29D991AD96B}.Debug|x86.ActiveCfg = Debug|Win32
		{3DB82FE3-382F-4776-BD48-B29D991AD96B}.Debug|x86.Build.0 = Debug|Win32
		{3DB82FE3-382F-4776-BD48-B29D991AD96B}.Release|x64.ActiveCfg = Release|x64
		{3DB82FE3-382F-4776-BD48-B29D991AD96B}.Release|x64.Build.0 = Release|x64
		{3DB82FE3-382F-4776-BD48-B29D991AD96B}.Release|x86.ActiveCfg = Release|Win32
		{3DB82FE3-382F-4776-BD48-B29D991AD96B}.Release|x86.Build.0 = Release|Win32
	EndGlobalSection
	GlobalSection(SolutionProperties) = preSolution
		HideSolutionNode = FALSE
	EndGlobalSection
EndGlobal
